{
  "name": "@leya-print/template-api",
  "version": "0.0.2",
  "lockfileVersion": 2,
  "requires": true,
  "packages": {
    "": {
      "name": "@leya-print/template-api",
      "version": "0.0.2",
      "license": "Apache-2.0",
      "devDependencies": {
        "@types/node": "^20.6.4",
        "yaml": "^2.3.2"
      }
    },
    "node_modules/@types/node": {
      "version": "20.6.4",
      "resolved": "https://registry.npmjs.org/@types/node/-/node-20.6.4.tgz",
      "integrity": "sha512-nU6d9MPY0NBUMiE/nXd2IIoC4OLvsLpwAjheoAeuzgvDZA1Cb10QYg+91AF6zQiKWRN5i1m07x6sMe0niBznoQ==",
      "dev": true
    },
    "node_modules/yaml": {
      "version": "2.3.2",
      "resolved": "https://registry.npmjs.org/yaml/-/yaml-2.3.2.tgz",
      "integrity": "sha512-N/lyzTPaJasoDmfV7YTrYCI0G/3ivm/9wdG0aHuheKowWQwGTsK0Eoiw6utmzAnI6pkJa0DUVygvp3spqqEKXg==",
      "dev": true,
      "engines": {
        "node": ">= 14"
      }
    }
  },
  "dependencies": {
    "@types/node": {
      "version": "20.6.4",
      "resolved": "https://registry.npmjs.org/@types/node/-/node-20.6.4.tgz",
      "integrity": "sha512-nU6d9MPY0NBUMiE/nXd2IIoC4OLvsLpwAjheoAeuzgvDZA1Cb10QYg+91AF6zQiKWRN5i1m07x6sMe0niBznoQ==",
      "dev": true
    },
    "yaml": {
      "version": "2.3.2",
      "resolved": "https://registry.npmjs.org/yaml/-/yaml-2.3.2.tgz",
      "integrity": "sha512-N/lyzTPaJasoDmfV7YTrYCI0G/3ivm/9wdG0aHuheKowWQwGTsK0Eoiw6utmzAnI6pkJa0DUVygvp3spqqEKXg==",
      "dev": true
    }
  }
}
